
Microsoft Visual Studio Solution File, Format Version 12.00
# Visual Studio Version 17
VisualStudioVersion = 17.0.32112.339
MinimumVisualStudioVersion = 10.0.40219.1
Project("{FAE04EC0-301F-11D3-BF4B-00C04F79EFBC}") = "mvcCore", "mvcCore\mvcCore.csproj", "{01A99717-77A3-4345-B522-286A2850ED3E}"
EndProject
Global
	GlobalSection(SolutionConfigurationPlatforms) = preSolution
		Debug|Any CPU = Debug|Any CPU
		Release|Any CPU = Release|Any CPU
	EndGlobalSection
	GlobalSection(ProjectConfigurationPlatforms) = postSolution
		{01A99717-77A3-4345-B522-286A2850ED3E}.Debug|Any CPU.ActiveCfg = Debug|Any CPU
		{01A99717-77A3-4345-B522-286A2850ED3E}.Debug|Any CPU.Build.0 = Debug|Any CPU
		{01A99717-77A3-4345-B522-286A2850ED3E}.Release|Any CPU.ActiveCfg = Release|Any CPU
		{01A99717-77A3-4345-B522-286A2850ED3E}.Release|Any CPU.Build.0 = Release|Any CPU
	EndGlobalSection
	GlobalSection(SolutionProperties) = preSolution
		HideSolutionNode = FALSE
	EndGlobalSection
	GlobalSection(ExtensibilityGlobals) = postSolution
		SolutionGuid = {4CC57B38-3D3F-4A52-B4E1-F4EDFF0DD4AE}
	EndGlobalSection
EndGlobal
